
Microsoft Visual Studio Solution File, Format Version 12.00
# Visual Studio 2012
Project("{FAE04EC0-301F-11D3-BF4B-00C04F79EFBC}") = "SpellingKitUnity", "SpellingKitUnity\SpellingKitUnity.csproj", "{E7F334B0-80A7-47D4-9744-0134988A96DE}"
EndProject
Project("{FAE04EC0-301F-11D3-BF4B-00C04F79EFBC}") = "SpellingKit", "SpellingKit\SpellingKit.csproj", "{1013F691-5A0B-4A0D-A6C6-D997FEA44D31}"
EndProject
Project("{FAE04EC0-301F-11D3-BF4B-00C04F79EFBC}") = "SpellingKitUnity.Editor", "SpellingKitUnity.Editor\SpellingKitUnity.Editor.csproj", "{03615226-4533-481F-A68E-A59F0E0C51AB}"
EndProject
Global
	GlobalSection(SolutionConfigurationPlatforms) = preSolution
		Debug|Any CPU = Debug|Any CPU
		Release|Any CPU = Release|Any CPU
	EndGlobalSection
	GlobalSection(ProjectConfigurationPlatforms) = postSolution
		{03615226-4533-481F-A68E-A59F0E0C51AB}.Debug|Any CPU.ActiveCfg = Debug|Any CPU
		{03615226-4533-481F-A68E-A59F0E0C51AB}.Debug|Any CPU.Build.0 = Debug|Any CPU
		{03615226-4533-481F-A68E-A59F0E0C51AB}.Release|Any CPU.ActiveCfg = Release|Any CPU
		{03615226-4533-481F-A68E-A59F0E0C51AB}.Release|Any CPU.Build.0 = Release|Any CPU
		{1013F691-5A0B-4A0D-A6C6-D997FEA44D31}.Debug|Any CPU.ActiveCfg = Debug|Any CPU
		{1013F691-5A0B-4A0D-A6C6-D997FEA44D31}.Debug|Any CPU.Build.0 = Debug|Any CPU
		{1013F691-5A0B-4A0D-A6C6-D997FEA44D31}.Release|Any CPU.ActiveCfg = Release|Any CPU
		{1013F691-5A0B-4A0D-A6C6-D997FEA44D31}.Release|Any CPU.Build.0 = Release|Any CPU
		{E7F334B0-80A7-47D4-9744-0134988A96DE}.Debug|Any CPU.ActiveCfg = Debug|Any CPU
		{E7F334B0-80A7-47D4-9744-0134988A96DE}.Debug|Any CPU.Build.0 = Debug|Any CPU
		{E7F334B0-80A7-47D4-9744-0134988A96DE}.Release|Any CPU.ActiveCfg = Release|Any CPU
		{E7F334B0-80A7-47D4-9744-0134988A96DE}.Release|Any CPU.Build.0 = Release|Any CPU
	EndGlobalSection
EndGlobal
